
Microsoft Visual Studio Solution File, Format Version 12.00
# Visual Studio Version 17
VisualStudioVersion = 17.12.35527.113
MinimumVisualStudioVersion = 10.0.40219.1
Project("{2150E333-8FDC-42A3-9474-1A3956D46DE8}") = "src", "src", "{AEBDCCF3-DF5D-4388-A7B4-47A6417DD5C0}"
	ProjectSection(SolutionItems) = preProject
		README.md = README.md
	EndProjectSection
EndProject
Project("{2150E333-8FDC-42A3-9474-1A3956D46DE8}") = "tests", "tests", "{C91553D5-0167-4BE0-855C-8379FC711D01}"
EndProject
Project("{FAE04EC0-301F-11D3-BF4B-00C04F79EFBC}") = "Domain", "Domain\Domain.csproj", "{32BA5D11-F27A-4E56-995F-188924B0E665}"
EndProject
Project("{FAE04EC0-301F-11D3-BF4B-00C04F79EFBC}") = "Application", "Application\Application.csproj", "{D4F5D3DA-87E3-4DB6-8D0E-F28EEE0F43A0}"
EndProject
Project("{FAE04EC0-301F-11D3-BF4B-00C04F79EFBC}") = "Infrastructure", "Infrastructure\Infrastructure.csproj", "{CD14CFC2-7371-47AD-87B9-CE3568A90678}"
EndProject
Project("{FAE04EC0-301F-11D3-BF4B-00C04F79EFBC}") = "WebAPI", "WebAPI\WebAPI.csproj", "{D98B7569-86A2-46AF-9499-67304F685D1F}"
EndProject
Project("{FAE04EC0-301F-11D3-BF4B-00C04F79EFBC}") = "Infrastructure.UnitTests", "Infrastructure.UnitTests\Infrastructure.UnitTests.csproj", "{CCAB8112-494B-4E31-A0FE-59A6E5E3397A}"
EndProject
Project("{54A90642-561A-4BB1-A94E-469ADEE60C69}") = "webui", "WebUI\webui.esproj", "{B6702A60-D087-44A0-9F6A-B83ABC39A813}"
EndProject
Project("{FAE04EC0-301F-11D3-BF4B-00C04F79EFBC}") = "WebAPI.UnitTests", "WebAPI.UnitTests\WebAPI.UnitTests.csproj", "{97B3FDAD-63BD-44CA-946D-E95B103E25B0}"
EndProject
Global
	GlobalSection(SolutionConfigurationPlatforms) = preSolution
		Debug|Any CPU = Debug|Any CPU
		Release|Any CPU = Release|Any CPU
	EndGlobalSection
	GlobalSection(ProjectConfigurationPlatforms) = postSolution
		{32BA5D11-F27A-4E56-995F-188924B0E665}.Debug|Any CPU.ActiveCfg = Debug|Any CPU
		{32BA5D11-F27A-4E56-995F-188924B0E665}.Debug|Any CPU.Build.0 = Debug|Any CPU
		{32BA5D11-F27A-4E56-995F-188924B0E665}.Release|Any CPU.ActiveCfg = Release|Any CPU
		{32BA5D11-F27A-4E56-995F-188924B0E665}.Release|Any CPU.Build.0 = Release|Any CPU
		{D4F5D3DA-87E3-4DB6-8D0E-F28EEE0F43A0}.Debug|Any CPU.ActiveCfg = Debug|Any CPU
		{D4F5D3DA-87E3-4DB6-8D0E-F28EEE0F43A0}.Debug|Any CPU.Build.0 = Debug|Any CPU
		{D4F5D3DA-87E3-4DB6-8D0E-F28EEE0F43A0}.Release|Any CPU.ActiveCfg = Release|Any CPU
		{D4F5D3DA-87E3-4DB6-8D0E-F28EEE0F43A0}.Release|Any CPU.Build.0 = Release|Any CPU
		{CD14CFC2-7371-47AD-87B9-CE3568A90678}.Debug|Any CPU.ActiveCfg = Debug|Any CPU
		{CD14CFC2-7371-47AD-87B9-CE3568A90678}.Debug|Any CPU.Build.0 = Debug|Any CPU
		{CD14CFC2-7371-47AD-87B9-CE3568A90678}.Release|Any CPU.ActiveCfg = Release|Any CPU
		{CD14CFC2-7371-47AD-87B9-CE3568A90678}.Release|Any CPU.Build.0 = Release|Any CPU
		{D98B7569-86A2-46AF-9499-67304F685D1F}.Debug|Any CPU.ActiveCfg = Debug|Any CPU
		{D98B7569-86A2-46AF-9499-67304F685D1F}.Debug|Any CPU.Build.0 = Debug|Any CPU
		{D98B7569-86A2-46AF-9499-67304F685D1F}.Release|Any CPU.ActiveCfg = Release|Any CPU
		{D98B7569-86A2-46AF-9499-67304F685D1F}.Release|Any CPU.Build.0 = Release|Any CPU
		{CCAB8112-494B-4E31-A0FE-59A6E5E3397A}.Debug|Any CPU.ActiveCfg = Debug|Any CPU
		{CCAB8112-494B-4E31-A0FE-59A6E5E3397A}.Debug|Any CPU.Build.0 = Debug|Any CPU
		{CCAB8112-494B-4E31-A0FE-59A6E5E3397A}.Release|Any CPU.ActiveCfg = Release|Any CPU
		{CCAB8112-494B-4E31-A0FE-59A6E5E3397A}.Release|Any CPU.Build.0 = Release|Any CPU
		{B6702A60-D087-44A0-9F6A-B83ABC39A813}.Debug|Any CPU.ActiveCfg = Debug|Any CPU
		{B6702A60-D087-44A0-9F6A-B83ABC39A813}.Debug|Any CPU.Build.0 = Debug|Any CPU
		{B6702A60-D087-44A0-9F6A-B83ABC39A813}.Debug|Any CPU.Deploy.0 = Debug|Any CPU
		{B6702A60-D087-44A0-9F6A-B83ABC39A813}.Release|Any CPU.ActiveCfg = Release|Any CPU
		{B6702A60-D087-44A0-9F6A-B83ABC39A813}.Release|Any CPU.Build.0 = Release|Any CPU
		{B6702A60-D087-44A0-9F6A-B83ABC39A813}.Release|Any CPU.Deploy.0 = Release|Any CPU
		{97B3FDAD-63BD-44CA-946D-E95B103E25B0}.Debug|Any CPU.ActiveCfg = Debug|Any CPU
		{97B3FDAD-63BD-44CA-946D-E95B103E25B0}.Debug|Any CPU.Build.0 = Debug|Any CPU
		{97B3FDAD-63BD-44CA-946D-E95B103E25B0}.Release|Any CPU.ActiveCfg = Release|Any CPU
		{97B3FDAD-63BD-44CA-946D-E95B103E25B0}.Release|Any CPU.Build.0 = Release|Any CPU
	EndGlobalSection
	GlobalSection(SolutionProperties) = preSolution
		HideSolutionNode = FALSE
	EndGlobalSection
	GlobalSection(NestedProjects) = preSolution
		{32BA5D11-F27A-4E56-995F-188924B0E665} = {AEBDCCF3-DF5D-4388-A7B4-47A6417DD5C0}
		{D4F5D3DA-87E3-4DB6-8D0E-F28EEE0F43A0} = {AEBDCCF3-DF5D-4388-A7B4-47A6417DD5C0}
		{CD14CFC2-7371-47AD-87B9-CE3568A90678} = {AEBDCCF3-DF5D-4388-A7B4-47A6417DD5C0}
		{D98B7569-86A2-46AF-9499-67304F685D1F} = {AEBDCCF3-DF5D-4388-A7B4-47A6417DD5C0}
		{CCAB8112-494B-4E31-A0FE-59A6E5E3397A} = {C91553D5-0167-4BE0-855C-8379FC711D01}
		{B6702A60-D087-44A0-9F6A-B83ABC39A813} = {AEBDCCF3-DF5D-4388-A7B4-47A6417DD5C0}
		{97B3FDAD-63BD-44CA-946D-E95B103E25B0} = {C91553D5-0167-4BE0-855C-8379FC711D01}
	EndGlobalSection
EndGlobal
